
Microsoft Visual Studio Solution File, Format Version 12.00
# Visual Studio 15
VisualStudioVersion = 15.0.28307.271
MinimumVisualStudioVersion = 10.0.40219.1
Project("{FAE04EC0-301F-11D3-BF4B-00C04F79EFBC}") = "Oauth Authentication with gmail", "Oauth Authentication with gmail\Oauth Authentication with gmail.csproj", "{4B8FDA39-0D3F-4E64-9B81-7204D5F0B4FE}"
EndProject
Global
	GlobalSection(SolutionConfigurationPlatforms) = preSolution
		Debug|Any CPU = Debug|Any CPU
		Release|Any CPU = Release|Any CPU
	EndGlobalSection
	GlobalSection(ProjectConfigurationPlatforms) = postSolution
		{4B8FDA39-0D3F-4E64-9B81-7204D5F0B4FE}.Debug|Any CPU.ActiveCfg = Debug|Any CPU
		{4B8FDA39-0D3F-4E64-9B81-7204D5F0B4FE}.Debug|Any CPU.Build.0 = Debug|Any CPU
		{4B8FDA39-0D3F-4E64-9B81-7204D5F0B4FE}.Release|Any CPU.ActiveCfg = Release|Any CPU
		{4B8FDA39-0D3F-4E64-9B81-7204D5F0B4FE}.Release|Any CPU.Build.0 = Release|Any CPU
	EndGlobalSection
	GlobalSection(SolutionProperties) = preSolution
		HideSolutionNode = FALSE
	EndGlobalSection
	GlobalSection(ExtensibilityGlobals) = postSolution
		SolutionGuid = {0FFF1A13-8547-452F-8259-CB5F74AE23AE}
	EndGlobalSection
EndGlobal
